
Microsoft Visual Studio Solution File, Format Version 12.00
# Visual Studio Version 16
VisualStudioVersion = 16.0.30503.244
MinimumVisualStudioVersion = 10.0.40219.1
Project("{FAE04EC0-301F-11D3-BF4B-00C04F79EFBC}") = "Mobeye.Android", "Mobeye.Android\Mobeye.Android.csproj", "{58F2ADC4-EAE8-43E3-A62F-8DCF718073F6}"
EndProject
Project("{FAE04EC0-301F-11D3-BF4B-00C04F79EFBC}") = "Mobeye.iOS", "Mobeye.iOS\Mobeye.iOS.csproj", "{2862E705-62E5-4DAC-ABA1-4948F3BE36D6}"
EndProject
Project("{FAE04EC0-301F-11D3-BF4B-00C04F79EFBC}") = "Mobeye", "Mobeye\Mobeye.csproj", "{25F91F3D-BA18-48FB-ADC8-9917EDBF70D5}"
EndProject
Global
	GlobalSection(SolutionConfigurationPlatforms) = preSolution
		Debug|Any CPU = Debug|Any CPU
		Debug|iPhone = Debug|iPhone
		Debug|iPhoneSimulator = Debug|iPhoneSimulator
		Release|Any CPU = Release|Any CPU
		Release|iPhone = Release|iPhone
		Release|iPhoneSimulator = Release|iPhoneSimulator
	EndGlobalSection
	GlobalSection(ProjectConfigurationPlatforms) = postSolution
		{58F2ADC4-EAE8-43E3-A62F-8DCF718073F6}.Debug|Any CPU.ActiveCfg = Debug|Any CPU
		{58F2ADC4-EAE8-43E3-A62F-8DCF718073F6}.Debug|Any CPU.Build.0 = Debug|Any CPU
		{58F2ADC4-EAE8-43E3-A62F-8DCF718073F6}.Debug|Any CPU.Deploy.0 = Debug|Any CPU
		{58F2ADC4-EAE8-43E3-A62F-8DCF718073F6}.Debug|iPhone.ActiveCfg = Debug|Any CPU
		{58F2ADC4-EAE8-43E3-A62F-8DCF718073F6}.Debug|iPhone.Build.0 = Debug|Any CPU
		{58F2ADC4-EAE8-43E3-A62F-8DCF718073F6}.Debug|iPhone.Deploy.0 = Debug|Any CPU
		{58F2ADC4-EAE8-43E3-A62F-8DCF718073F6}.Debug|iPhoneSimulator.ActiveCfg = Debug|Any CPU
		{58F2ADC4-EAE8-43E3-A62F-8DCF718073F6}.Debug|iPhoneSimulator.Build.0 = Debug|Any CPU
		{58F2ADC4-EAE8-43E3-A62F-8DCF718073F6}.Debug|iPhoneSimulator.Deploy.0 = Debug|Any CPU
		{58F2ADC4-EAE8-43E3-A62F-8DCF718073F6}.Release|Any CPU.ActiveCfg = Release|Any CPU
		{58F2ADC4-EAE8-43E3-A62F-8DCF718073F6}.Release|Any CPU.Build.0 = Release|Any CPU
		{58F2ADC4-EAE8-43E3-A62F-8DCF718073F6}.Release|Any CPU.Deploy.0 = Release|Any CPU
		{58F2ADC4-EAE8-43E3-A62F-8DCF718073F6}.Release|iPhone.ActiveCfg = Release|Any CPU
		{58F2ADC4-EAE8-43E3-A62F-8DCF718073F6}.Release|iPhone.Build.0 = Release|Any CPU
		{58F2ADC4-EAE8-43E3-A62F-8DCF718073F6}.Release|iPhone.Deploy.0 = Release|Any CPU
		{58F2ADC4-EAE8-43E3-A62F-8DCF718073F6}.Release|iPhoneSimulator.ActiveCfg = Release|Any CPU
		{58F2ADC4-EAE8-43E3-A62F-8DCF718073F6}.Release|iPhoneSimulator.Build.0 = Release|Any CPU
		{58F2ADC4-EAE8-43E3-A62F-8DCF718073F6}.Release|iPhoneSimulator.Deploy.0 = Release|Any CPU
		{2862E705-62E5-4DAC-ABA1-4948F3BE36D6}.Debug|Any CPU.ActiveCfg = Debug|iPhone
		{2862E705-62E5-4DAC-ABA1-4948F3BE36D6}.Debug|Any CPU.Build.0 = Debug|iPhone
		{2862E705-62E5-4DAC-ABA1-4948F3BE36D6}.Debug|Any CPU.Deploy.0 = Debug|iPhone
		{2862E705-62E5-4DAC-ABA1-4948F3BE36D6}.Debug|iPhone.ActiveCfg = Debug|iPhone
		{2862E705-62E5-4DAC-ABA1-4948F3BE36D6}.Debug|iPhone.Build.0 = Debug|iPhone
		{2862E705-62E5-4DAC-ABA1-4948F3BE36D6}.Debug|iPhone.Deploy.0 = Debug|iPhone
		{2862E705-62E5-4DAC-ABA1-4948F3BE36D6}.Debug|iPhoneSimulator.ActiveCfg = Debug|iPhoneSimulator
		{2862E705-62E5-4DAC-ABA1-4948F3BE36D6}.Debug|iPhoneSimulator.Build.0 = Debug|iPhoneSimulator
		{2862E705-62E5-4DAC-ABA1-4948F3BE36D6}.Debug|iPhoneSimulator.Deploy.0 = Debug|iPhoneSimulator
		{2862E705-62E5-4DAC-ABA1-4948F3BE36D6}.Release|Any CPU.ActiveCfg = Release|iPhoneSimulator
		{2862E705-62E5-4DAC-ABA1-4948F3BE36D6}.Release|Any CPU.Build.0 = Release|iPhoneSimulator
		{2862E705-62E5-4DAC-ABA1-4948F3BE36D6}.Release|Any CPU.Deploy.0 = Release|iPhoneSimulator
		{2862E705-62E5-4DAC-ABA1-4948F3BE36D6}.Release|iPhone.ActiveCfg = Release|iPhone
		{2862E705-62E5-4DAC-ABA1-4948F3BE36D6}.Release|iPhone.Build.0 = Release|iPhone
		{2862E705-62E5-4DAC-ABA1-4948F3BE36D6}.Release|iPhone.Deploy.0 = Release|iPhone
		{2862E705-62E5-4DAC-ABA1-4948F3BE36D6}.Release|iPhoneSimulator.ActiveCfg = Release|iPhoneSimulator
		{2862E705-62E5-4DAC-ABA1-4948F3BE36D6}.Release|iPhoneSimulator.Build.0 = Release|iPhoneSimulator
		{2862E705-62E5-4DAC-ABA1-4948F3BE36D6}.Release|iPhoneSimulator.Deploy.0 = Release|iPhoneSimulator
		{25F91F3D-BA18-48FB-ADC8-9917EDBF70D5}.Debug|Any CPU.ActiveCfg = Debug|Any CPU
		{25F91F3D-BA18-48FB-ADC8-9917EDBF70D5}.Debug|Any CPU.Build.0 = Debug|Any CPU
		{25F91F3D-BA18-48FB-ADC8-9917EDBF70D5}.Debug|Any CPU.Deploy.0 = Debug|Any CPU
		{25F91F3D-BA18-48FB-ADC8-9917EDBF70D5}.Debug|iPhone.ActiveCfg = Debug|Any CPU
		{25F91F3D-BA18-48FB-ADC8-9917EDBF70D5}.Debug|iPhone.Build.0 = Debug|Any CPU
		{25F91F3D-BA18-48FB-ADC8-9917EDBF70D5}.Debug|iPhone.Deploy.0 = Debug|Any CPU
		{25F91F3D-BA18-48FB-ADC8-9917EDBF70D5}.Debug|iPhoneSimulator.ActiveCfg = Debug|Any CPU
		{25F91F3D-BA18-48FB-ADC8-9917EDBF70D5}.Debug|iPhoneSimulator.Build.0 = Debug|Any CPU
		{25F91F3D-BA18-48FB-ADC8-9917EDBF70D5}.Debug|iPhoneSimulator.Deploy.0 = Debug|Any CPU
		{25F91F3D-BA18-48FB-ADC8-9917EDBF70D5}.Release|Any CPU.ActiveCfg = Release|Any CPU
		{25F91F3D-BA18-48FB-ADC8-9917EDBF70D5}.Release|Any CPU.Build.0 = Release|Any CPU
		{25F91F3D-BA18-48FB-ADC8-9917EDBF70D5}.Release|Any CPU.Deploy.0 = Release|Any CPU
		{25F91F3D-BA18-48FB-ADC8-9917EDBF70D5}.Release|iPhone.ActiveCfg = Release|Any CPU
		{25F91F3D-BA18-48FB-ADC8-9917EDBF70D5}.Release|iPhone.Build.0 = Release|Any CPU
		{25F91F3D-BA18-48FB-ADC8-9917EDBF70D5}.Release|iPhone.Deploy.0 = Release|Any CPU
		{25F91F3D-BA18-48FB-ADC8-9917EDBF70D5}.Release|iPhoneSimulator.ActiveCfg = Release|Any CPU
		{25F91F3D-BA18-48FB-ADC8-9917EDBF70D5}.Release|iPhoneSimulator.Build.0 = Release|Any CPU
		{25F91F3D-BA18-48FB-ADC8-9917EDBF70D5}.Release|iPhoneSimulator.Deploy.0 = Release|Any CPU
	EndGlobalSection
	GlobalSection(SolutionProperties) = preSolution
		HideSolutionNode = FALSE
	EndGlobalSection
	GlobalSection(ExtensibilityGlobals) = postSolution
		SolutionGuid = {BAC33AF6-CAA0-4AA5-8706-43EE98C586ED}
	EndGlobalSection
EndGlobal
